{
  "originHash" : "8bd04f44db3355cab4729493eef5311441f940d76a3fe57465a4635d6554b4ad",
  "pins" : [
    {
      "identity" : "expression",
      "kind" : "remoteSourceControl",
      "location" : "https://github.com/nicklockwood/Expression",
      "state" : {
        "revision" : "95ffe4c352e456cede933d9910d25b9c84039d1b",
        "version" : "0.13.9"
      }
    }
  ],
  "version" : 3
}
